<?xml version="1.0" encoding="utf-8"?>
<Project ToolsVersion="4.0" xmlns="http://schemas.microsoft.com/developer/msbuild/2003">
  <ItemGroup>
    <Filter Include="Penguin">
      <UniqueIdentifier>{5BA38C05-C782-0BA1-D09A-96773CF97102}</UniqueIdentifier>
    </Filter>
    <Filter Include="Penguin\Events">
      <UniqueIdentifier>{DF9A7381-CB68-6787-B4FC-D7ADA06943EC}</UniqueIdentifier>
    </Filter>
  </ItemGroup>
  <ItemGroup>
    <ClInclude Include="src\Penguin.h" />
    <ClInclude Include="src\Penguin\Application.h">
      <Filter>Penguin</Filter>
    </ClInclude>
    <ClInclude Include="src\Penguin\EnreyPoint.h">
      <Filter>Penguin</Filter>
    </ClInclude>
    <ClInclude Include="src\Penguin\Events\ApplicationEvent.h">
      <Filter>Penguin\Events</Filter>
    </ClInclude>
    <ClInclude Include="src\Penguin\Events\Event.h">
      <Filter>Penguin\Events</Filter>
    </ClInclude>
    <ClInclude Include="src\Penguin\Events\KeyEvent.h">
      <Filter>Penguin\Events</Filter>
    </ClInclude>
    <ClInclude Include="src\Penguin\Events\MouseEvent.h">
      <Filter>Penguin\Events</Filter>
    </ClInclude>
    <ClInclude Include="src\Penguin\Log.h">
      <Filter>Penguin</Filter>
    </ClInclude>
    <ClInclude Include="src\Penguin\core.h">
      <Filter>Penguin</Filter>
    </ClInclude>
  </ItemGroup>
  <ItemGroup>
    <ClCompile Include="src\Penguin\Application.cpp">
      <Filter>Penguin</Filter>
    </ClCompile>
    <ClCompile Include="src\Penguin\Log.cpp">
      <Filter>Penguin</Filter>
    </ClCompile>
  </ItemGroup>
</Project>